
Microsoft Visual Studio Solution File, Format Version 12.00
# Visual Studio Version 17
VisualStudioVersion = 17.14.36518.9 d17.14
MinimumVisualStudioVersion = 10.0.40219.1
Project("{FAE04EC0-301F-11D3-BF4B-00C04F79EFBC}") = "WebDatTourDuLichOnline", "WebDatTourDuLichOnline\WebDatTourDuLichOnline.csproj", "{5CDD18D1-81A1-4490-A03D-BFBE68E47F47}"
EndProject
Global
	GlobalSection(SolutionConfigurationPlatforms) = preSolution
		Debug|Any CPU = Debug|Any CPU
		Release|Any CPU = Release|Any CPU
	EndGlobalSection
	GlobalSection(ProjectConfigurationPlatforms) = postSolution
		{5CDD18D1-81A1-4490-A03D-BFBE68E47F47}.Debug|Any CPU.ActiveCfg = Debug|Any CPU
		{5CDD18D1-81A1-4490-A03D-BFBE68E47F47}.Debug|Any CPU.Build.0 = Debug|Any CPU
		{5CDD18D1-81A1-4490-A03D-BFBE68E47F47}.Release|Any CPU.ActiveCfg = Release|Any CPU
		{5CDD18D1-81A1-4490-A03D-BFBE68E47F47}.Release|Any CPU.Build.0 = Release|Any CPU
	EndGlobalSection
	GlobalSection(SolutionProperties) = preSolution
		HideSolutionNode = FALSE
	EndGlobalSection
	GlobalSection(ExtensibilityGlobals) = postSolution
		SolutionGuid = {1028E6A1-BEC5-4759-A014-C0EC97500AD9}
	EndGlobalSection
EndGlobal
